// !$*UTF8*$!
{
	archiveVersion = 1;
	classes = {
	};
	objectVersion = 50;
	objects = {

/* Begin PBXBuildFile section */
		DFD7FDC4253D9FDF002CA8F8 /* AppDelegate.m in Sources */ = {isa = PBXBuildFile; fileRef = DFD7FDC3253D9FDF002CA8F8 /* AppDelegate.m */; };
		DFD7FDC7253D9FDF002CA8F8 /* ViewController.m in Sources */ = {isa = PBXBuildFile; fileRef = DFD7FDC6253D9FDF002CA8F8 /* ViewController.m */; };
		DFD7FDC9253D9FE2002CA8F8 /* Assets.xcassets in Resources */ = {isa = PBXBuildFile; fileRef = DFD7FDC8253D9FE2002CA8F8 /* Assets.xcassets */; };
		DFD7FDCC253D9FE2002CA8F8 /* Main.storyboard in Resources */ = {isa = PBXBuildFile; fileRef = DFD7FDCA253D9FE2002CA8F8 /* Main.storyboard */; };
		DFD7FDCF253D9FE2002CA8F8 /* main.m in Sources */ = {isa = PBXBuildFile; fileRef = DFD7FDCE253D9FE2002CA8F8 /* main.m */; };
		DFD7FEBC253DF96B002CA8F8 /* TableViewController.m in Sources */ = {isa = PBXBuildFile; fileRef = DFD7FEBB253DF96B002CA8F8 /* TableViewController.m */; };
		DFD7FEFD253DFBD9002CA8F8 /* MSCrashCustomView.m in Sources */ = {isa = PBXBuildFile; fileRef = DFD7FEC1253DFBD9002CA8F8 /* MSCrashCustomView.m */; };
		DFD7FEFE253DFBD9002CA8F8 /* MSCrashUndefInst.m in Sources */ = {isa = PBXBuildFile; fileRef = DFD7FEC2253DFBD9002CA8F8 /* MSCrashUndefInst.m */; };
		DFD7FEFF253DFBD9002CA8F8 /* MSCrashCorruptMalloc.m in Sources */ = {isa = PBXBuildFile; fileRef = DFD7FEC7253DFBD9002CA8F8 /* MSCrashCorruptMalloc.m */; };
		DFD7FF00253DFBD9002CA8F8 /* MSCrashNXPage.m in Sources */ = {isa = PBXBuildFile; fileRef = DFD7FECB253DFBD9002CA8F8 /* MSCrashNXPage.m */; };
		DFD7FF01253DFBD9002CA8F8 /* MSCrashAbort.m in Sources */ = {isa = PBXBuildFile; fileRef = DFD7FECC253DFBD9002CA8F8 /* MSCrashAbort.m */; };
		DFD7FF02253DFBDA002CA8F8 /* MSCrashAsyncSafeThread.m in Sources */ = {isa = PBXBuildFile; fileRef = DFD7FECE253DFBD9002CA8F8 /* MSCrashAsyncSafeThread.m */; };
		DFD7FF03253DFBDA002CA8F8 /* MSCrashDelayedObjCException.m in Sources */ = {isa = PBXBuildFile; fileRef = DFD7FED1253DFBD9002CA8F8 /* MSCrashDelayedObjCException.m */; };
		DFD7FF04253DFBDA002CA8F8 /* MSCrashSmashStackBottom.m in Sources */ = {isa = PBXBuildFile; fileRef = DFD7FED6253DFBD9002CA8F8 /* MSCrashSmashStackBottom.m */; };
		DFD7FF05253DFBDA002CA8F8 /* MSCrashOverwriteLinkRegister.m in Sources */ = {isa = PBXBuildFile; fileRef = DFD7FED9253DFBD9002CA8F8 /* MSCrashOverwriteLinkRegister.m */; };
		DFD7FF07253DFBDA002CA8F8 /* MSCrashObjCMsgSend.m in Sources */ = {isa = PBXBuildFile; fileRef = DFD7FEDB253DFBD9002CA8F8 /* MSCrashObjCMsgSend.m */; };
		DFD7FF08253DFBDA002CA8F8 /* MSFramelessDWARF_arm64.s in Sources */ = {isa = PBXBuildFile; fileRef = DFD7FEDC253DFBD9002CA8F8 /* MSFramelessDWARF_arm64.s */; };
		DFD7FF09253DFBDA002CA8F8 /* MSCrashNULL.m in Sources */ = {isa = PBXBuildFile; fileRef = DFD7FEDE253DFBD9002CA8F8 /* MSCrashNULL.m */; };
		DFD7FF0A253DFBDA002CA8F8 /* MSCrashStackGuard.m in Sources */ = {isa = PBXBuildFile; fileRef = DFD7FEE0253DFBD9002CA8F8 /* MSCrashStackGuard.m */; };
		DFD7FF0B253DFBDA002CA8F8 /* MSCrashPrivInst.m in Sources */ = {isa = PBXBuildFile; fileRef = DFD7FEE1253DFBD9002CA8F8 /* MSCrashPrivInst.m */; };
		DFD7FF0C253DFBDA002CA8F8 /* MSCrashCXXException.mm in Sources */ = {isa = PBXBuildFile; fileRef = DFD7FEE4253DFBD9002CA8F8 /* MSCrashCXXException.mm */; };
		DFD7FF0D253DFBDA002CA8F8 /* MSCrash.m in Sources */ = {isa = PBXBuildFile; fileRef = DFD7FEE5253DFBD9002CA8F8 /* MSCrash.m */; };
		DFD7FF0E253DFBDA002CA8F8 /* MSCrashROPage.m in Sources */ = {isa = PBXBuildFile; fileRef = DFD7FEE7253DFBD9002CA8F8 /* MSCrashROPage.m */; };
		DFD7FF0F253DFBDA002CA8F8 /* MSCrashSmashStackTop.m in Sources */ = {isa = PBXBuildFile; fileRef = DFD7FEEA253DFBD9002CA8F8 /* MSCrashSmashStackTop.m */; };
		DFD7FF10253DFBDA002CA8F8 /* MSCrashObjCException.m in Sources */ = {isa = PBXBuildFile; fileRef = DFD7FEEB253DFBD9002CA8F8 /* MSCrashObjCException.m */; };
		DFD7FF11253DFBDA002CA8F8 /* MSCrashTrap.m in Sources */ = {isa = PBXBuildFile; fileRef = DFD7FEEC253DFBD9002CA8F8 /* MSCrashTrap.m */; };
		DFD7FF12253DFBDA002CA8F8 /* MSFramelessDWARF_arm32.S in Sources */ = {isa = PBXBuildFile; fileRef = DFD7FEEE253DFBD9002CA8F8 /* MSFramelessDWARF_arm32.S */; };
		DFD7FF13253DFBDA002CA8F8 /* MSCrashCorruptObjC.m in Sources */ = {isa = PBXBuildFile; fileRef = DFD7FEEF253DFBD9002CA8F8 /* MSCrashCorruptObjC.m */; };
		DFD7FF14253DFBDA002CA8F8 /* MSCrashGarbage.m in Sources */ = {isa = PBXBuildFile; fileRef = DFD7FEF0253DFBD9002CA8F8 /* MSCrashGarbage.m */; };
		DFD7FF15253DFBDA002CA8F8 /* MSCrashFramelessDWARF.m in Sources */ = {isa = PBXBuildFile; fileRef = DFD7FEF1253DFBD9002CA8F8 /* MSCrashFramelessDWARF.m */; };
		DFD7FF16253DFBDA002CA8F8 /* MSCrashReleasedObject.m in Sources */ = {isa = PBXBuildFile; fileRef = DFD7FEF3253DFBD9002CA8F8 /* MSCrashReleasedObject.m */; };
		DFD7FF17253DFBDA002CA8F8 /* MSCrashNSLog.m in Sources */ = {isa = PBXBuildFile; fileRef = DFD7FEF5253DFBD9002CA8F8 /* MSCrashNSLog.m */; };
		DFD7FF18253DFBDA002CA8F8 /* MSFramelessDWARF_i386.s in Sources */ = {isa = PBXBuildFile; fileRef = DFD7FEF6253DFBD9002CA8F8 /* MSFramelessDWARF_i386.s */; };
		DFD7FF19253DFBDA002CA8F8 /* MSFramelessDWARF_x86_64.s in Sources */ = {isa = PBXBuildFile; fileRef = DFD7FEF8253DFBD9002CA8F8 /* MSFramelessDWARF_x86_64.s */; };
		DFD7FF1B253DFBDA002CA8F8 /* MSCrashCXXCustomException.mm in Sources */ = {isa = PBXBuildFile; fileRef = DFD7FEFA253DFBD9002CA8F8 /* MSCrashCXXCustomException.mm */; };
		DFD7FF1C253DFBDA002CA8F8 /* MSCrashOutOfMemory.mm in Sources */ = {isa = PBXBuildFile; fileRef = DFD7FEFB253DFBD9002CA8F8 /* MSCrashOutOfMemory.mm */; };
/* End PBXBuildFile section */

/* Begin PBXFileReference section */
		DFD7FDBF253D9FDF002CA8F8 /* PlcrMacosUniversal.app */ = {isa = PBXFileReference; explicitFileType = wrapper.application; includeInIndex = 0; path = PlcrMacosUniversal.app; sourceTree = BUILT_PRODUCTS_DIR; };
		DFD7FDC2253D9FDF002CA8F8 /* AppDelegate.h */ = {isa = PBXFileReference; lastKnownFileType = sourcecode.c.h; path = AppDelegate.h; sourceTree = "<group>"; };
		DFD7FDC3253D9FDF002CA8F8 /* AppDelegate.m */ = {isa = PBXFileReference; lastKnownFileType = sourcecode.c.objc; path = AppDelegate.m; sourceTree = "<group>"; };
		DFD7FDC5253D9FDF002CA8F8 /* ViewController.h */ = {isa = PBXFileReference; lastKnownFileType = sourcecode.c.h; path = ViewController.h; sourceTree = "<group>"; };
		DFD7FDC6253D9FDF002CA8F8 /* ViewController.m */ = {isa = PBXFileReference; lastKnownFileType = sourcecode.c.objc; path = ViewController.m; sourceTree = "<group>"; };
		DFD7FDC8253D9FE2002CA8F8 /* Assets.xcassets */ = {isa = PBXFileReference; lastKnownFileType = folder.assetcatalog; path = Assets.xcassets; sourceTree = "<group>"; };
		DFD7FDCB253D9FE2002CA8F8 /* Base */ = {isa = PBXFileReference; lastKnownFileType = file.storyboard; name = Base; path = Base.lproj/Main.storyboard; sourceTree = "<group>"; };
		DFD7FDCD253D9FE2002CA8F8 /* Info.plist */ = {isa = PBXFileReference; lastKnownFileType = text.plist.xml; path = Info.plist; sourceTree = "<group>"; };
		DFD7FDCE253D9FE2002CA8F8 /* main.m */ = {isa = PBXFileReference; lastKnownFileType = sourcecode.c.objc; path = main.m; sourceTree = "<group>"; };
		DFD7FDD0253D9FE2002CA8F8 /* PlcrMacosUniversal.entitlements */ = {isa = PBXFileReference; lastKnownFileType = text.plist.entitlements; path = PlcrMacosUniversal.entitlements; sourceTree = "<group>"; };
		DFD7FEBA253DF96B002CA8F8 /* TableViewController.h */ = {isa = PBXFileReference; fileEncoding = 4; lastKnownFileType = sourcecode.c.h; path = TableViewController.h; sourceTree = "<group>"; };
		DFD7FEBB253DF96B002CA8F8 /* TableViewController.m */ = {isa = PBXFileReference; fileEncoding = 4; lastKnownFileType = sourcecode.c.objc; path = TableViewController.m; sourceTree = "<group>"; };
		DFD7FEC1253DFBD9002CA8F8 /* MSCrashCustomView.m */ = {isa = PBXFileReference; fileEncoding = 4; lastKnownFileType = sourcecode.c.objc; path = MSCrashCustomView.m; sourceTree = "<group>"; };
		DFD7FEC2253DFBD9002CA8F8 /* MSCrashUndefInst.m */ = {isa = PBXFileReference; fileEncoding = 4; lastKnownFileType = sourcecode.c.objc; path = MSCrashUndefInst.m; sourceTree = "<group>"; };
		DFD7FEC3253DFBD9002CA8F8 /* MSCrashPrivInst.h */ = {isa = PBXFileReference; fileEncoding = 4; lastKnownFileType = sourcecode.c.h; path = MSCrashPrivInst.h; sourceTree = "<group>"; };
		DFD7FEC4253DFBD9002CA8F8 /* MSCrashStackGuard.h */ = {isa = PBXFileReference; fileEncoding = 4; lastKnownFileType = sourcecode.c.h; path = MSCrashStackGuard.h; sourceTree = "<group>"; };
		DFD7FEC5253DFBD9002CA8F8 /* MSCrashCXXException.h */ = {isa = PBXFileReference; fileEncoding = 4; lastKnownFileType = sourcecode.c.h; path = MSCrashCXXException.h; sourceTree = "<group>"; };
		DFD7FEC6253DFBD9002CA8F8 /* MSCrashNULL.h */ = {isa = PBXFileReference; fileEncoding = 4; lastKnownFileType = sourcecode.c.h; path = MSCrashNULL.h; sourceTree = "<group>"; };
		DFD7FEC7253DFBD9002CA8F8 /* MSCrashCorruptMalloc.m */ = {isa = PBXFileReference; fileEncoding = 4; lastKnownFileType = sourcecode.c.objc; path = MSCrashCorruptMalloc.m; sourceTree = "<group>"; };
		DFD7FEC8253DFBD9002CA8F8 /* MSCrashSmashStackTop.h */ = {isa = PBXFileReference; fileEncoding = 4; lastKnownFileType = sourcecode.c.h; path = MSCrashSmashStackTop.h; sourceTree = "<group>"; };
		DFD7FEC9253DFBD9002CA8F8 /* MSCrashObjCException.h */ = {isa = PBXFileReference; fileEncoding = 4; lastKnownFileType = sourcecode.c.h; path = MSCrashObjCException.h; sourceTree = "<group>"; };
		DFD7FECA253DFBD9002CA8F8 /* MSCrashROPage.h */ = {isa = PBXFileReference; fileEncoding = 4; lastKnownFileType = sourcecode.c.h; path = MSCrashROPage.h; sourceTree = "<group>"; };
		DFD7FECB253DFBD9002CA8F8 /* MSCrashNXPage.m */ = {isa = PBXFileReference; fileEncoding = 4; lastKnownFileType = sourcecode.c.objc; path = MSCrashNXPage.m; sourceTree = "<group>"; };
		DFD7FECC253DFBD9002CA8F8 /* MSCrashAbort.m */ = {isa = PBXFileReference; fileEncoding = 4; lastKnownFileType = sourcecode.c.objc; path = MSCrashAbort.m; sourceTree = "<group>"; };
		DFD7FECD253DFBD9002CA8F8 /* MSCrash.h */ = {isa = PBXFileReference; fileEncoding = 4; lastKnownFileType = sourcecode.c.h; path = MSCrash.h; sourceTree = "<group>"; };
		DFD7FECE253DFBD9002CA8F8 /* MSCrashAsyncSafeThread.m */ = {isa = PBXFileReference; fileEncoding = 4; lastKnownFileType = sourcecode.c.objc; path = MSCrashAsyncSafeThread.m; sourceTree = "<group>"; };
		DFD7FECF253DFBD9002CA8F8 /* MSCrashNSLog.h */ = {isa = PBXFileReference; fileEncoding = 4; lastKnownFileType = sourcecode.c.h; path = MSCrashNSLog.h; sourceTree = "<group>"; };
		DFD7FED0253DFBD9002CA8F8 /* MSCrashReleasedObject.h */ = {isa = PBXFileReference; fileEncoding = 4; lastKnownFileType = sourcecode.c.h; path = MSCrashReleasedObject.h; sourceTree = "<group>"; };
		DFD7FED1253DFBD9002CA8F8 /* MSCrashDelayedObjCException.m */ = {isa = PBXFileReference; fileEncoding = 4; lastKnownFileType = sourcecode.c.objc; path = MSCrashDelayedObjCException.m; sourceTree = "<group>"; };
		DFD7FED2253DFBD9002CA8F8 /* MSCrashFramelessDWARF.h */ = {isa = PBXFileReference; fileEncoding = 4; lastKnownFileType = sourcecode.c.h; path = MSCrashFramelessDWARF.h; sourceTree = "<group>"; };
		DFD7FED3253DFBD9002CA8F8 /* MSCrashOutOfMemory.h */ = {isa = PBXFileReference; fileEncoding = 4; lastKnownFileType = sourcecode.c.h; path = MSCrashOutOfMemory.h; sourceTree = "<group>"; };
		DFD7FED4253DFBD9002CA8F8 /* MSCrashGarbage.h */ = {isa = PBXFileReference; fileEncoding = 4; lastKnownFileType = sourcecode.c.h; path = MSCrashGarbage.h; sourceTree = "<group>"; };
		DFD7FED5253DFBD9002CA8F8 /* MSCrashCorruptObjC.h */ = {isa = PBXFileReference; fileEncoding = 4; lastKnownFileType = sourcecode.c.h; path = MSCrashCorruptObjC.h; sourceTree = "<group>"; };
		DFD7FED6253DFBD9002CA8F8 /* MSCrashSmashStackBottom.m */ = {isa = PBXFileReference; fileEncoding = 4; lastKnownFileType = sourcecode.c.objc; path = MSCrashSmashStackBottom.m; sourceTree = "<group>"; };
		DFD7FED7253DFBD9002CA8F8 /* MSCrashTrap.h */ = {isa = PBXFileReference; fileEncoding = 4; lastKnownFileType = sourcecode.c.h; path = MSCrashTrap.h; sourceTree = "<group>"; };
		DFD7FED8253DFBD9002CA8F8 /* CrashLib.h */ = {isa = PBXFileReference; fileEncoding = 4; lastKnownFileType = sourcecode.c.h; path = CrashLib.h; sourceTree = "<group>"; };
		DFD7FED9253DFBD9002CA8F8 /* MSCrashOverwriteLinkRegister.m */ = {isa = PBXFileReference; fileEncoding = 4; lastKnownFileType = sourcecode.c.objc; path = MSCrashOverwriteLinkRegister.m; sourceTree = "<group>"; };
		DFD7FEDB253DFBD9002CA8F8 /* MSCrashObjCMsgSend.m */ = {isa = PBXFileReference; fileEncoding = 4; lastKnownFileType = sourcecode.c.objc; path = MSCrashObjCMsgSend.m; sourceTree = "<group>"; };
		DFD7FEDC253DFBD9002CA8F8 /* MSFramelessDWARF_arm64.s */ = {isa = PBXFileReference; fileEncoding = 4; lastKnownFileType = sourcecode.asm; path = MSFramelessDWARF_arm64.s; sourceTree = "<group>"; };
		DFD7FEDD253DFBD9002CA8F8 /* MSCrashCorruptMalloc.h */ = {isa = PBXFileReference; fileEncoding = 4; lastKnownFileType = sourcecode.c.h; path = MSCrashCorruptMalloc.h; sourceTree = "<group>"; };
		DFD7FEDE253DFBD9002CA8F8 /* MSCrashNULL.m */ = {isa = PBXFileReference; fileEncoding = 4; lastKnownFileType = sourcecode.c.objc; path = MSCrashNULL.m; sourceTree = "<group>"; };
		DFD7FEDF253DFBD9002CA8F8 /* MSCrashCXXCustomException.h */ = {isa = PBXFileReference; fileEncoding = 4; lastKnownFileType = sourcecode.c.h; path = MSCrashCXXCustomException.h; sourceTree = "<group>"; };
		DFD7FEE0253DFBD9002CA8F8 /* MSCrashStackGuard.m */ = {isa = PBXFileReference; fileEncoding = 4; lastKnownFileType = sourcecode.c.objc; path = MSCrashStackGuard.m; sourceTree = "<group>"; };
		DFD7FEE1253DFBD9002CA8F8 /* MSCrashPrivInst.m */ = {isa = PBXFileReference; fileEncoding = 4; lastKnownFileType = sourcecode.c.objc; path = MSCrashPrivInst.m; sourceTree = "<group>"; };
		DFD7FEE2253DFBD9002CA8F8 /* MSCrashCustomView.h */ = {isa = PBXFileReference; fileEncoding = 4; lastKnownFileType = sourcecode.c.h; path = MSCrashCustomView.h; sourceTree = "<group>"; };
		DFD7FEE3253DFBD9002CA8F8 /* MSCrashUndefInst.h */ = {isa = PBXFileReference; fileEncoding = 4; lastKnownFileType = sourcecode.c.h; path = MSCrashUndefInst.h; sourceTree = "<group>"; };
		DFD7FEE4253DFBD9002CA8F8 /* MSCrashCXXException.mm */ = {isa = PBXFileReference; fileEncoding = 4; lastKnownFileType = sourcecode.cpp.objcpp; path = MSCrashCXXException.mm; sourceTree = "<group>"; };
		DFD7FEE5253DFBD9002CA8F8 /* MSCrash.m */ = {isa = PBXFileReference; fileEncoding = 4; lastKnownFileType = sourcecode.c.objc; path = MSCrash.m; sourceTree = "<group>"; };
		DFD7FEE6253DFBD9002CA8F8 /* MSCrashAbort.h */ = {isa = PBXFileReference; fileEncoding = 4; lastKnownFileType = sourcecode.c.h; path = MSCrashAbort.h; sourceTree = "<group>"; };
		DFD7FEE7253DFBD9002CA8F8 /* MSCrashROPage.m */ = {isa = PBXFileReference; fileEncoding = 4; lastKnownFileType = sourcecode.c.objc; path = MSCrashROPage.m; sourceTree = "<group>"; };
		DFD7FEE8253DFBD9002CA8F8 /* CrashLib-Bridging-Header.h */ = {isa = PBXFileReference; fileEncoding = 4; lastKnownFileType = sourcecode.c.h; path = "CrashLib-Bridging-Header.h"; sourceTree = "<group>"; };
		DFD7FEE9253DFBD9002CA8F8 /* MSCrashNXPage.h */ = {isa = PBXFileReference; fileEncoding = 4; lastKnownFileType = sourcecode.c.h; path = MSCrashNXPage.h; sourceTree = "<group>"; };
		DFD7FEEA253DFBD9002CA8F8 /* MSCrashSmashStackTop.m */ = {isa = PBXFileReference; fileEncoding = 4; lastKnownFileType = sourcecode.c.objc; path = MSCrashSmashStackTop.m; sourceTree = "<group>"; };
		DFD7FEEB253DFBD9002CA8F8 /* MSCrashObjCException.m */ = {isa = PBXFileReference; fileEncoding = 4; lastKnownFileType = sourcecode.c.objc; path = MSCrashObjCException.m; sourceTree = "<group>"; };
		DFD7FEEC253DFBD9002CA8F8 /* MSCrashTrap.m */ = {isa = PBXFileReference; fileEncoding = 4; lastKnownFileType = sourcecode.c.objc; path = MSCrashTrap.m; sourceTree = "<group>"; };
		DFD7FEED253DFBD9002CA8F8 /* MSCrashSmashStackBottom.h */ = {isa = PBXFileReference; fileEncoding = 4; lastKnownFileType = sourcecode.c.h; path = MSCrashSmashStackBottom.h; sourceTree = "<group>"; };
		DFD7FEEE253DFBD9002CA8F8 /* MSFramelessDWARF_arm32.S */ = {isa = PBXFileReference; fileEncoding = 4; lastKnownFileType = sourcecode.asm; path = MSFramelessDWARF_arm32.S; sourceTree = "<group>"; };
		DFD7FEEF253DFBD9002CA8F8 /* MSCrashCorruptObjC.m */ = {isa = PBXFileReference; fileEncoding = 4; lastKnownFileType = sourcecode.c.objc; path = MSCrashCorruptObjC.m; sourceTree = "<group>"; };
		DFD7FEF0253DFBD9002CA8F8 /* MSCrashGarbage.m */ = {isa = PBXFileReference; fileEncoding = 4; lastKnownFileType = sourcecode.c.objc; path = MSCrashGarbage.m; sourceTree = "<group>"; };
		DFD7FEF1253DFBD9002CA8F8 /* MSCrashFramelessDWARF.m */ = {isa = PBXFileReference; fileEncoding = 4; lastKnownFileType = sourcecode.c.objc; path = MSCrashFramelessDWARF.m; sourceTree = "<group>"; };
		DFD7FEF2253DFBD9002CA8F8 /* MSCrashDelayedObjCException.h */ = {isa = PBXFileReference; fileEncoding = 4; lastKnownFileType = sourcecode.c.h; path = MSCrashDelayedObjCException.h; sourceTree = "<group>"; };
		DFD7FEF3253DFBD9002CA8F8 /* MSCrashReleasedObject.m */ = {isa = PBXFileReference; fileEncoding = 4; lastKnownFileType = sourcecode.c.objc; path = MSCrashReleasedObject.m; sourceTree = "<group>"; };
		DFD7FEF4253DFBD9002CA8F8 /* MSCrashAsyncSafeThread.h */ = {isa = PBXFileReference; fileEncoding = 4; lastKnownFileType = sourcecode.c.h; path = MSCrashAsyncSafeThread.h; sourceTree = "<group>"; };
		DFD7FEF5253DFBD9002CA8F8 /* MSCrashNSLog.m */ = {isa = PBXFileReference; fileEncoding = 4; lastKnownFileType = sourcecode.c.objc; path = MSCrashNSLog.m; sourceTree = "<group>"; };
		DFD7FEF6253DFBD9002CA8F8 /* MSFramelessDWARF_i386.s */ = {isa = PBXFileReference; fileEncoding = 4; lastKnownFileType = sourcecode.asm; path = MSFramelessDWARF_i386.s; sourceTree = "<group>"; };
		DFD7FEF7253DFBD9002CA8F8 /* MSCrashObjCMsgSend.h */ = {isa = PBXFileReference; fileEncoding = 4; lastKnownFileType = sourcecode.c.h; path = MSCrashObjCMsgSend.h; sourceTree = "<group>"; };
		DFD7FEF8253DFBD9002CA8F8 /* MSFramelessDWARF_x86_64.s */ = {isa = PBXFileReference; fileEncoding = 4; lastKnownFileType = sourcecode.asm; path = MSFramelessDWARF_x86_64.s; sourceTree = "<group>"; };
		DFD7FEFA253DFBD9002CA8F8 /* MSCrashCXXCustomException.mm */ = {isa = PBXFileReference; fileEncoding = 4; lastKnownFileType = sourcecode.cpp.objcpp; path = MSCrashCXXCustomException.mm; sourceTree = "<group>"; };
		DFD7FEFB253DFBD9002CA8F8 /* MSCrashOutOfMemory.mm */ = {isa = PBXFileReference; fileEncoding = 4; lastKnownFileType = sourcecode.cpp.objcpp; path = MSCrashOutOfMemory.mm; sourceTree = "<group>"; };
		DFD7FEFC253DFBD9002CA8F8 /* MSCrashOverwriteLinkRegister.h */ = {isa = PBXFileReference; fileEncoding = 4; lastKnownFileType = sourcecode.c.h; path = MSCrashOverwriteLinkRegister.h; sourceTree = "<group>"; };
/* End PBXFileReference section */

/* Begin PBXFrameworksBuildPhase section */
		DFD7FDBC253D9FDF002CA8F8 /* Frameworks */ = {
			isa = PBXFrameworksBuildPhase;
			buildActionMask = 2147483647;
			files = (
			);
			runOnlyForDeploymentPostprocessing = 0;
		};
/* End PBXFrameworksBuildPhase section */

/* Begin PBXGroup section */
		DFD7FDB6253D9FDF002CA8F8 = {
			isa = PBXGroup;
			children = (
				DFD7FDC1253D9FDF002CA8F8 /* PlcrMacosUniversal */,
				DFD7FDC0253D9FDF002CA8F8 /* Products */,
			);
			sourceTree = "<group>";
		};
		DFD7FDC0253D9FDF002CA8F8 /* Products */ = {
			isa = PBXGroup;
			children = (
				DFD7FDBF253D9FDF002CA8F8 /* PlcrMacosUniversal.app */,
			);
			name = Products;
			sourceTree = "<group>";
		};
		DFD7FDC1253D9FDF002CA8F8 /* PlcrMacosUniversal */ = {
			isa = PBXGroup;
			children = (
				DFD7FEC0253DFBD9002CA8F8 /* CrashLib */,
				DFD7FDC2253D9FDF002CA8F8 /* AppDelegate.h */,
				DFD7FDC3253D9FDF002CA8F8 /* AppDelegate.m */,
				DFD7FDC5253D9FDF002CA8F8 /* ViewController.h */,
				DFD7FDC6253D9FDF002CA8F8 /* ViewController.m */,
				DFD7FEBA253DF96B002CA8F8 /* TableViewController.h */,
				DFD7FEBB253DF96B002CA8F8 /* TableViewController.m */,
				DFD7FDC8253D9FE2002CA8F8 /* Assets.xcassets */,
				DFD7FDCA253D9FE2002CA8F8 /* Main.storyboard */,
				DFD7FDCD253D9FE2002CA8F8 /* Info.plist */,
				DFD7FDCE253D9FE2002CA8F8 /* main.m */,
				DFD7FDD0253D9FE2002CA8F8 /* PlcrMacosUniversal.entitlements */,
			);
			path = PlcrMacosUniversal;
			sourceTree = "<group>";
		};
		DFD7FEC0253DFBD9002CA8F8 /* CrashLib */ = {
			isa = PBXGroup;
			children = (
				DFD7FEC1253DFBD9002CA8F8 /* MSCrashCustomView.m */,
				DFD7FEC2253DFBD9002CA8F8 /* MSCrashUndefInst.m */,
				DFD7FEC3253DFBD9002CA8F8 /* MSCrashPrivInst.h */,
				DFD7FEC4253DFBD9002CA8F8 /* MSCrashStackGuard.h */,
				DFD7FEC5253DFBD9002CA8F8 /* MSCrashCXXException.h */,
				DFD7FEC6253DFBD9002CA8F8 /* MSCrashNULL.h */,
				DFD7FEC7253DFBD9002CA8F8 /* MSCrashCorruptMalloc.m */,
				DFD7FEC8253DFBD9002CA8F8 /* MSCrashSmashStackTop.h */,
				DFD7FEC9253DFBD9002CA8F8 /* MSCrashObjCException.h */,
				DFD7FECA253DFBD9002CA8F8 /* MSCrashROPage.h */,
				DFD7FECB253DFBD9002CA8F8 /* MSCrashNXPage.m */,
				DFD7FECC253DFBD9002CA8F8 /* MSCrashAbort.m */,
				DFD7FECD253DFBD9002CA8F8 /* MSCrash.h */,
				DFD7FECE253DFBD9002CA8F8 /* MSCrashAsyncSafeThread.m */,
				DFD7FECF253DFBD9002CA8F8 /* MSCrashNSLog.h */,
				DFD7FED0253DFBD9002CA8F8 /* MSCrashReleasedObject.h */,
				DFD7FED1253DFBD9002CA8F8 /* MSCrashDelayedObjCException.m */,
				DFD7FED2253DFBD9002CA8F8 /* MSCrashFramelessDWARF.h */,
				DFD7FED3253DFBD9002CA8F8 /* MSCrashOutOfMemory.h */,
				DFD7FED4253DFBD9002CA8F8 /* MSCrashGarbage.h */,
				DFD7FED5253DFBD9002CA8F8 /* MSCrashCorruptObjC.h */,
				DFD7FED6253DFBD9002CA8F8 /* MSCrashSmashStackBottom.m */,
				DFD7FED7253DFBD9002CA8F8 /* MSCrashTrap.h */,
				DFD7FED8253DFBD9002CA8F8 /* CrashLib.h */,
				DFD7FED9253DFBD9002CA8F8 /* MSCrashOverwriteLinkRegister.m */,
				DFD7FEDB253DFBD9002CA8F8 /* MSCrashObjCMsgSend.m */,
				DFD7FEDC253DFBD9002CA8F8 /* MSFramelessDWARF_arm64.s */,
				DFD7FEDD253DFBD9002CA8F8 /* MSCrashCorruptMalloc.h */,
				DFD7FEDE253DFBD9002CA8F8 /* MSCrashNULL.m */,
				DFD7FEDF253DFBD9002CA8F8 /* MSCrashCXXCustomException.h */,
				DFD7FEE0253DFBD9002CA8F8 /* MSCrashStackGuard.m */,
				DFD7FEE1253DFBD9002CA8F8 /* MSCrashPrivInst.m */,
				DFD7FEE2253DFBD9002CA8F8 /* MSCrashCustomView.h */,
				DFD7FEE3253DFBD9002CA8F8 /* MSCrashUndefInst.h */,
				DFD7FEE4253DFBD9002CA8F8 /* MSCrashCXXException.mm */,
				DFD7FEE5253DFBD9002CA8F8 /* MSCrash.m */,
				DFD7FEE6253DFBD9002CA8F8 /* MSCrashAbort.h */,
				DFD7FEE7253DFBD9002CA8F8 /* MSCrashROPage.m */,
				DFD7FEE8253DFBD9002CA8F8 /* CrashLib-Bridging-Header.h */,
				DFD7FEE9253DFBD9002CA8F8 /* MSCrashNXPage.h */,
				DFD7FEEA253DFBD9002CA8F8 /* MSCrashSmashStackTop.m */,
				DFD7FEEB253DFBD9002CA8F8 /* MSCrashObjCException.m */,
				DFD7FEEC253DFBD9002CA8F8 /* MSCrashTrap.m */,
				DFD7FEED253DFBD9002CA8F8 /* MSCrashSmashStackBottom.h */,
				DFD7FEEE253DFBD9002CA8F8 /* MSFramelessDWARF_arm32.S */,
				DFD7FEEF253DFBD9002CA8F8 /* MSCrashCorruptObjC.m */,
				DFD7FEF0253DFBD9002CA8F8 /* MSCrashGarbage.m */,
				DFD7FEF1253DFBD9002CA8F8 /* MSCrashFramelessDWARF.m */,
				DFD7FEF2253DFBD9002CA8F8 /* MSCrashDelayedObjCException.h */,
				DFD7FEF3253DFBD9002CA8F8 /* MSCrashReleasedObject.m */,
				DFD7FEF4253DFBD9002CA8F8 /* MSCrashAsyncSafeThread.h */,
				DFD7FEF5253DFBD9002CA8F8 /* MSCrashNSLog.m */,
				DFD7FEF6253DFBD9002CA8F8 /* MSFramelessDWARF_i386.s */,
				DFD7FEF7253DFBD9002CA8F8 /* MSCrashObjCMsgSend.h */,
				DFD7FEF8253DFBD9002CA8F8 /* MSFramelessDWARF_x86_64.s */,
				DFD7FEFA253DFBD9002CA8F8 /* MSCrashCXXCustomException.mm */,
				DFD7FEFB253DFBD9002CA8F8 /* MSCrashOutOfMemory.mm */,
				DFD7FEFC253DFBD9002CA8F8 /* MSCrashOverwriteLinkRegister.h */,
			);
			path = CrashLib;
			sourceTree = "<group>";
		};
/* End PBXGroup section */

/* Begin PBXNativeTarget section */
		DFD7FDBE253D9FDF002CA8F8 /* PlcrMacosUniversal */ = {
			isa = PBXNativeTarget;
			buildConfigurationList = DFD7FDD3253D9FE2002CA8F8 /* Build configuration list for PBXNativeTarget "PlcrMacosUniversal" */;
			buildPhases = (
				DFD7FDBB253D9FDF002CA8F8 /* Sources */,
				DFD7FDBC253D9FDF002CA8F8 /* Frameworks */,
				DFD7FDBD253D9FDF002CA8F8 /* Resources */,
			);
			buildRules = (
			);
			dependencies = (
			);
			name = PlcrMacosUniversal;
			packageProductDependencies = (
			);
			productName = PlcrMacosUniversal;
			productReference = DFD7FDBF253D9FDF002CA8F8 /* PlcrMacosUniversal.app */;
			productType = "com.apple.product-type.application";
		};
/* End PBXNativeTarget section */

/* Begin PBXProject section */
		DFD7FDB7253D9FDF002CA8F8 /* Project object */ = {
			isa = PBXProject;
			attributes = {
				LastUpgradeCheck = 1200;
				TargetAttributes = {
					DFD7FDBE253D9FDF002CA8F8 = {
						CreatedOnToolsVersion = 12.0.1;
					};
				};
			};
			buildConfigurationList = DFD7FDBA253D9FDF002CA8F8 /* Build configuration list for PBXProject "PlcrMacosUniversal" */;
			compatibilityVersion = "Xcode 9.3";
			developmentRegion = en;
			hasScannedForEncodings = 0;
			knownRegions = (
				en,
				Base,
			);
			mainGroup = DFD7FDB6253D9FDF002CA8F8;
			packageReferences = (
			);
			productRefGroup = DFD7FDC0253D9FDF002CA8F8 /* Products */;
			projectDirPath = "";
			projectRoot = "";
			targets = (
				DFD7FDBE253D9FDF002CA8F8 /* PlcrMacosUniversal */,
			);
		};
/* End PBXProject section */

/* Begin PBXResourcesBuildPhase section */
		DFD7FDBD253D9FDF002CA8F8 /* Resources */ = {
			isa = PBXResourcesBuildPhase;
			buildActionMask = 2147483647;
			files = (
				DFD7FDC9253D9FE2002CA8F8 /* Assets.xcassets in Resources */,
				DFD7FDCC253D9FE2002CA8F8 /* Main.storyboard in Resources */,
			);
			runOnlyForDeploymentPostprocessing = 0;
		};
/* End PBXResourcesBuildPhase section */

/* Begin PBXSourcesBuildPhase section */
		DFD7FDBB253D9FDF002CA8F8 /* Sources */ = {
			isa = PBXSourcesBuildPhase;
			buildActionMask = 2147483647;
			files = (
				DFD7FF09253DFBDA002CA8F8 /* MSCrashNULL.m in Sources */,
				DFD7FF04253DFBDA002CA8F8 /* MSCrashSmashStackBottom.m in Sources */,
				DFD7FF11253DFBDA002CA8F8 /* MSCrashTrap.m in Sources */,
				DFD7FF0A253DFBDA002CA8F8 /* MSCrashStackGuard.m in Sources */,
				DFD7FF15253DFBDA002CA8F8 /* MSCrashFramelessDWARF.m in Sources */,
				DFD7FF17253DFBDA002CA8F8 /* MSCrashNSLog.m in Sources */,
				DFD7FF13253DFBDA002CA8F8 /* MSCrashCorruptObjC.m in Sources */,
				DFD7FF16253DFBDA002CA8F8 /* MSCrashReleasedObject.m in Sources */,
				DFD7FF1C253DFBDA002CA8F8 /* MSCrashOutOfMemory.mm in Sources */,
				DFD7FEFE253DFBD9002CA8F8 /* MSCrashUndefInst.m in Sources */,
				DFD7FF0E253DFBDA002CA8F8 /* MSCrashROPage.m in Sources */,
				DFD7FF02253DFBDA002CA8F8 /* MSCrashAsyncSafeThread.m in Sources */,
				DFD7FF19253DFBDA002CA8F8 /* MSFramelessDWARF_x86_64.s in Sources */,
				DFD7FF10253DFBDA002CA8F8 /* MSCrashObjCException.m in Sources */,
				DFD7FF1B253DFBDA002CA8F8 /* MSCrashCXXCustomException.mm in Sources */,
				DFD7FDC7253D9FDF002CA8F8 /* ViewController.m in Sources */,
				DFD7FEFF253DFBD9002CA8F8 /* MSCrashCorruptMalloc.m in Sources */,
				DFD7FDCF253D9FE2002CA8F8 /* main.m in Sources */,
				DFD7FF14253DFBDA002CA8F8 /* MSCrashGarbage.m in Sources */,
				DFD7FF0F253DFBDA002CA8F8 /* MSCrashSmashStackTop.m in Sources */,
				DFD7FEFD253DFBD9002CA8F8 /* MSCrashCustomView.m in Sources */,
				DFD7FF08253DFBDA002CA8F8 /* MSFramelessDWARF_arm64.s in Sources */,
				DFD7FF07253DFBDA002CA8F8 /* MSCrashObjCMsgSend.m in Sources */,
				DFD7FF03253DFBDA002CA8F8 /* MSCrashDelayedObjCException.m in Sources */,
				DFD7FF0C253DFBDA002CA8F8 /* MSCrashCXXException.mm in Sources */,
				DFD7FF18253DFBDA002CA8F8 /* MSFramelessDWARF_i386.s in Sources */,
				DFD7FF01253DFBD9002CA8F8 /* MSCrashAbort.m in Sources */,
				DFD7FDC4253D9FDF002CA8F8 /* AppDelegate.m in Sources */,
				DFD7FF00253DFBD9002CA8F8 /* MSCrashNXPage.m in Sources */,
				DFD7FF12253DFBDA002CA8F8 /* MSFramelessDWARF_arm32.S in Sources */,
				DFD7FF0B253DFBDA002CA8F8 /* MSCrashPrivInst.m in Sources */,
				DFD7FF05253DFBDA002CA8F8 /* MSCrashOverwriteLinkRegister.m in Sources */,
				DFD7FF0D253DFBDA002CA8F8 /* MSCrash.m in Sources */,
				DFD7FEBC253DF96B002CA8F8 /* TableViewController.m in Sources */,
			);
			runOnlyForDeploymentPostprocessing = 0;
		};
/* End PBXSourcesBuildPhase section */

/* Begin PBXVariantGroup section */
		DFD7FDCA253D9FE2002CA8F8 /* Main.storyboard */ = {
			isa = PBXVariantGroup;
			children = (
				DFD7FDCB253D9FE2002CA8F8 /* Base */,
			);
			name = Main.storyboard;
			sourceTree = "<group>";
		};
/* End PBXVariantGroup section */

/* Begin XCBuildConfiguration section */
		DFD7FDD1253D9FE2002CA8F8 /* Debug */ = {
			isa = XCBuildConfiguration;
			buildSettings = {
				ALWAYS_SEARCH_USER_PATHS = NO;
				CLANG_ANALYZER_NONNULL = YES;
				CLANG_ANALYZER_NUMBER_OBJECT_CONVERSION = YES_AGGRESSIVE;
				CLANG_CXX_LANGUAGE_STANDARD = "gnu++14";
				CLANG_CXX_LIBRARY = "libc++";
				CLANG_ENABLE_MODULES = YES;
				CLANG_ENABLE_OBJC_ARC = YES;
				CLANG_ENABLE_OBJC_WEAK = YES;
				CLANG_WARN_BLOCK_CAPTURE_AUTORELEASING = YES;
				CLANG_WARN_BOOL_CONVERSION = YES;
				CLANG_WARN_COMMA = YES;
				CLANG_WARN_CONSTANT_CONVERSION = YES;
				CLANG_WARN_DEPRECATED_OBJC_IMPLEMENTATIONS = YES;
				CLANG_WARN_DIRECT_OBJC_ISA_USAGE = YES_ERROR;
				CLANG_WARN_DOCUMENTATION_COMMENTS = YES;
				CLANG_WARN_EMPTY_BODY = YES;
				CLANG_WARN_ENUM_CONVERSION = YES;
				CLANG_WARN_INFINITE_RECURSION = YES;
				CLANG_WARN_INT_CONVERSION = YES;
				CLANG_WARN_NON_LITERAL_NULL_CONVERSION = YES;
				CLANG_WARN_OBJC_IMPLICIT_RETAIN_SELF = YES;
				CLANG_WARN_OBJC_LITERAL_CONVERSION = YES;
				CLANG_WARN_OBJC_ROOT_CLASS = YES_ERROR;
				CLANG_WARN_QUOTED_INCLUDE_IN_FRAMEWORK_HEADER = YES;
				CLANG_WARN_RANGE_LOOP_ANALYSIS = YES;
				CLANG_WARN_STRICT_PROTOTYPES = YES;
				CLANG_WARN_SUSPICIOUS_MOVE = YES;
				CLANG_WARN_UNGUARDED_AVAILABILITY = YES_AGGRESSIVE;
				CLANG_WARN_UNREACHABLE_CODE = YES;
				CLANG_WARN__DUPLICATE_METHOD_MATCH = YES;
				COPY_PHASE_STRIP = NO;
				DEBUG_INFORMATION_FORMAT = dwarf;
				ENABLE_STRICT_OBJC_MSGSEND = YES;
				ENABLE_TESTABILITY = YES;
				GCC_C_LANGUAGE_STANDARD = gnu11;
				GCC_DYNAMIC_NO_PIC = NO;
				GCC_NO_COMMON_BLOCKS = YES;
				GCC_OPTIMIZATION_LEVEL = 0;
				GCC_PREPROCESSOR_DEFINITIONS = (
					"DEBUG=1",
					"$(inherited)",
				);
				GCC_WARN_64_TO_32_BIT_CONVERSION = YES;
				GCC_WARN_ABOUT_RETURN_TYPE = YES_ERROR;
				GCC_WARN_UNDECLARED_SELECTOR = YES;
				GCC_WARN_UNINITIALIZED_AUTOS = YES_AGGRESSIVE;
				GCC_WARN_UNUSED_FUNCTION = YES;
				GCC_WARN_UNUSED_VARIABLE = YES;
				MACOSX_DEPLOYMENT_TARGET = 10.15;
				MTL_ENABLE_DEBUG_INFO = INCLUDE_SOURCE;
				MTL_FAST_MATH = YES;
				ONLY_ACTIVE_ARCH = YES;
				SDKROOT = macosx;
			};
			name = Debug;
		};
		DFD7FDD2253D9FE2002CA8F8 /* Release */ = {
			isa = XCBuildConfiguration;
			buildSettings = {
				ALWAYS_SEARCH_USER_PATHS = NO;
				CLANG_ANALYZER_NONNULL = YES;
				CLANG_ANALYZER_NUMBER_OBJECT_CONVERSION = YES_AGGRESSIVE;
				CLANG_CXX_LANGUAGE_STANDARD = "gnu++14";
				CLANG_CXX_LIBRARY = "libc++";
				CLANG_ENABLE_MODULES = YES;
				CLANG_ENABLE_OBJC_ARC = YES;
				CLANG_ENABLE_OBJC_WEAK = YES;
				CLANG_WARN_BLOCK_CAPTURE_AUTORELEASING = YES;
				CLANG_WARN_BOOL_CONVERSION = YES;
				CLANG_WARN_COMMA = YES;
				CLANG_WARN_CONSTANT_CONVERSION = YES;
				CLANG_WARN_DEPRECATED_OBJC_IMPLEMENTATIONS = YES;
				CLANG_WARN_DIRECT_OBJC_ISA_USAGE = YES_ERROR;
				CLANG_WARN_DOCUMENTATION_COMMENTS = YES;
				CLANG_WARN_EMPTY_BODY = YES;
				CLANG_WARN_ENUM_CONVERSION = YES;
				CLANG_WARN_INFINITE_RECURSION = YES;
				CLANG_WARN_INT_CONVERSION = YES;
				CLANG_WARN_NON_LITERAL_NULL_CONVERSION = YES;
				CLANG_WARN_OBJC_IMPLICIT_RETAIN_SELF = YES;
				CLANG_WARN_OBJC_LITERAL_CONVERSION = YES;
				CLANG_WARN_OBJC_ROOT_CLASS = YES_ERROR;
				CLANG_WARN_QUOTED_INCLUDE_IN_FRAMEWORK_HEADER = YES;
				CLANG_WARN_RANGE_LOOP_ANALYSIS = YES;
				CLANG_WARN_STRICT_PROTOTYPES = YES;
				CLANG_WARN_SUSPICIOUS_MOVE = YES;
				CLANG_WARN_UNGUARDED_AVAILABILITY = YES_AGGRESSIVE;
				CLANG_WARN_UNREACHABLE_CODE = YES;
				CLANG_WARN__DUPLICATE_METHOD_MATCH = YES;
				COPY_PHASE_STRIP = NO;
				DEBUG_INFORMATION_FORMAT = "dwarf-with-dsym";
				ENABLE_NS_ASSERTIONS = NO;
				ENABLE_STRICT_OBJC_MSGSEND = YES;
				GCC_C_LANGUAGE_STANDARD = gnu11;
				GCC_NO_COMMON_BLOCKS = YES;
				GCC_WARN_64_TO_32_BIT_CONVERSION = YES;
				GCC_WARN_ABOUT_RETURN_TYPE = YES_ERROR;
				GCC_WARN_UNDECLARED_SELECTOR = YES;
				GCC_WARN_UNINITIALIZED_AUTOS = YES_AGGRESSIVE;
				GCC_WARN_UNUSED_FUNCTION = YES;
				GCC_WARN_UNUSED_VARIABLE = YES;
				MACOSX_DEPLOYMENT_TARGET = 10.15;
				MTL_ENABLE_DEBUG_INFO = NO;
				MTL_FAST_MATH = YES;
				SDKROOT = macosx;
			};
			name = Release;
		};
		DFD7FDD4253D9FE2002CA8F8 /* Debug */ = {
			isa = XCBuildConfiguration;
			buildSettings = {
				ASSETCATALOG_COMPILER_APPICON_NAME = AppIcon;
				ASSETCATALOG_COMPILER_GLOBAL_ACCENT_COLOR_NAME = AccentColor;
				CODE_SIGN_ENTITLEMENTS = PlcrMacosUniversal/PlcrMacosUniversal.entitlements;
				CODE_SIGN_STYLE = Automatic;
				COMBINE_HIDPI_IMAGES = YES;
				HEADER_SEARCH_PATHS = "$(PROJECT_DIR)/**";
				INFOPLIST_FILE = PlcrMacosUniversal/Info.plist;
				LD_RUNPATH_SEARCH_PATHS = (
					"$(inherited)",
					"@executable_path/../Frameworks",
				);
				PRODUCT_BUNDLE_IDENTIFIER = com.plcr.macos.universal;
				PRODUCT_NAME = "$(TARGET_NAME)";
			};
			name = Debug;
		};
		DFD7FDD5253D9FE2002CA8F8 /* Release */ = {
			isa = XCBuildConfiguration;
			buildSettings = {
				ASSETCATALOG_COMPILER_APPICON_NAME = AppIcon;
				ASSETCATALOG_COMPILER_GLOBAL_ACCENT_COLOR_NAME = AccentColor;
				CODE_SIGN_ENTITLEMENTS = PlcrMacosUniversal/PlcrMacosUniversal.entitlements;
				CODE_SIGN_STYLE = Automatic;
				COMBINE_HIDPI_IMAGES = YES;
				HEADER_SEARCH_PATHS = "$(PROJECT_DIR)/**";
				INFOPLIST_FILE = PlcrMacosUniversal/Info.plist;
				LD_RUNPATH_SEARCH_PATHS = (
					"$(inherited)",
					"@executable_path/../Frameworks",
				);
				PRODUCT_BUNDLE_IDENTIFIER = com.plcr.macos.universal;
				PRODUCT_NAME = "$(TARGET_NAME)";
			};
			name = Release;
		};
/* End XCBuildConfiguration section */

/* Begin XCConfigurationList section */
		DFD7FDBA253D9FDF002CA8F8 /* Build configuration list for PBXProject "PlcrMacosUniversal" */ = {
			isa = XCConfigurationList;
			buildConfigurations = (
				DFD7FDD1253D9FE2002CA8F8 /* Debug */,
				DFD7FDD2253D9FE2002CA8F8 /* Release */,
			);
			defaultConfigurationIsVisible = 0;
			defaultConfigurationName = Release;
		};
		DFD7FDD3253D9FE2002CA8F8 /* Build configuration list for PBXNativeTarget "PlcrMacosUniversal" */ = {
			isa = XCConfigurationList;
			buildConfigurations = (
				DFD7FDD4253D9FE2002CA8F8 /* Debug */,
				DFD7FDD5253D9FE2002CA8F8 /* Release */,
			);
			defaultConfigurationIsVisible = 0;
			defaultConfigurationName = Release;
		};
/* End XCConfigurationList section */
	};
	rootObject = DFD7FDB7253D9FDF002CA8F8 /* Project object */;
}
